
Microsoft Visual Studio Solution File, Format Version 12.00
# Visual Studio Version 17
VisualStudioVersion = 17.4.33213.308
MinimumVisualStudioVersion = 10.0.40219.1
Project("{FAE04EC0-301F-11D3-BF4B-00C04F79EFBC}") = "PZ_1", "PZ_1\PZ_1.csproj", "{A255A37E-5310-4553-88E1-13614890507A}"
EndProject
Global
	GlobalSection(SolutionConfigurationPlatforms) = preSolution
		Debug|Any CPU = Debug|Any CPU
		Release|Any CPU = Release|Any CPU
	EndGlobalSection
	GlobalSection(ProjectConfigurationPlatforms) = postSolution
		{A255A37E-5310-4553-88E1-13614890507A}.Debug|Any CPU.ActiveCfg = Debug|Any CPU
		{A255A37E-5310-4553-88E1-13614890507A}.Debug|Any CPU.Build.0 = Debug|Any CPU
		{A255A37E-5310-4553-88E1-13614890507A}.Release|Any CPU.ActiveCfg = Release|Any CPU
		{A255A37E-5310-4553-88E1-13614890507A}.Release|Any CPU.Build.0 = Release|Any CPU
	EndGlobalSection
	GlobalSection(SolutionProperties) = preSolution
		HideSolutionNode = FALSE
	EndGlobalSection
	GlobalSection(ExtensibilityGlobals) = postSolution
		SolutionGuid = {D39E0A4E-2257-4971-B068-1728A98C0B3B}
	EndGlobalSection
EndGlobal
